
Microsoft Visual Studio Solution File, Format Version 12.00
# Visual Studio Version 16
VisualStudioVersion = 16.0.31205.134
MinimumVisualStudioVersion = 10.0.40219.1
Project("{FAE04EC0-301F-11D3-BF4B-00C04F79EFBC}") = "AbstractClassesDemo", "AbstractClassesDemo\AbstractClassesDemo.csproj", "{E78CE24E-3C42-4029-AB75-7AA46557DDFD}"
EndProject
Project("{FAE04EC0-301F-11D3-BF4B-00C04F79EFBC}") = "BankingAppLibrary", "BankingAppLibrary\BankingAppLibrary.csproj", "{36C82E4F-8F41-497E-ACF1-53573A043412}"
EndProject
Global
	GlobalSection(SolutionConfigurationPlatforms) = preSolution
		Debug|Any CPU = Debug|Any CPU
		Debug|ARM = Debug|ARM
		Debug|ARM64 = Debug|ARM64
		Debug|x64 = Debug|x64
		Debug|x86 = Debug|x86
		Release|Any CPU = Release|Any CPU
		Release|ARM = Release|ARM
		Release|ARM64 = Release|ARM64
		Release|x64 = Release|x64
		Release|x86 = Release|x86
	EndGlobalSection
	GlobalSection(ProjectConfigurationPlatforms) = postSolution
		{E78CE24E-3C42-4029-AB75-7AA46557DDFD}.Debug|Any CPU.ActiveCfg = Debug|x86
		{E78CE24E-3C42-4029-AB75-7AA46557DDFD}.Debug|ARM.ActiveCfg = Debug|ARM
		{E78CE24E-3C42-4029-AB75-7AA46557DDFD}.Debug|ARM.Build.0 = Debug|ARM
		{E78CE24E-3C42-4029-AB75-7AA46557DDFD}.Debug|ARM.Deploy.0 = Debug|ARM
		{E78CE24E-3C42-4029-AB75-7AA46557DDFD}.Debug|ARM64.ActiveCfg = Debug|ARM64
		{E78CE24E-3C42-4029-AB75-7AA46557DDFD}.Debug|ARM64.Build.0 = Debug|ARM64
		{E78CE24E-3C42-4029-AB75-7AA46557DDFD}.Debug|ARM64.Deploy.0 = Debug|ARM64
		{E78CE24E-3C42-4029-AB75-7AA46557DDFD}.Debug|x64.ActiveCfg = Debug|x64
		{E78CE24E-3C42-4029-AB75-7AA46557DDFD}.Debug|x64.Build.0 = Debug|x64
		{E78CE24E-3C42-4029-AB75-7AA46557DDFD}.Debug|x64.Deploy.0 = Debug|x64
		{E78CE24E-3C42-4029-AB75-7AA46557DDFD}.Debug|x86.ActiveCfg = Debug|x86
		{E78CE24E-3C42-4029-AB75-7AA46557DDFD}.Debug|x86.Build.0 = Debug|x86
		{E78CE24E-3C42-4029-AB75-7AA46557DDFD}.Debug|x86.Deploy.0 = Debug|x86
		{E78CE24E-3C42-4029-AB75-7AA46557DDFD}.Release|Any CPU.ActiveCfg = Release|x86
		{E78CE24E-3C42-4029-AB75-7AA46557DDFD}.Release|ARM.ActiveCfg = Release|ARM
		{E78CE24E-3C42-4029-AB75-7AA46557DDFD}.Release|ARM.Build.0 = Release|ARM
		{E78CE24E-3C42-4029-AB75-7AA46557DDFD}.Release|ARM.Deploy.0 = Release|ARM
		{E78CE24E-3C42-4029-AB75-7AA46557DDFD}.Release|ARM64.ActiveCfg = Release|ARM64
		{E78CE24E-3C42-4029-AB75-7AA46557DDFD}.Release|ARM64.Build.0 = Release|ARM64
		{E78CE24E-3C42-4029-AB75-7AA46557DDFD}.Release|ARM64.Deploy.0 = Release|ARM64
		{E78CE24E-3C42-4029-AB75-7AA46557DDFD}.Release|x64.ActiveCfg = Release|x64
		{E78CE24E-3C42-4029-AB75-7AA46557DDFD}.Release|x64.Build.0 = Release|x64
		{E78CE24E-3C42-4029-AB75-7AA46557DDFD}.Release|x64.Deploy.0 = Release|x64
		{E78CE24E-3C42-4029-AB75-7AA46557DDFD}.Release|x86.ActiveCfg = Release|x86
		{E78CE24E-3C42-4029-AB75-7AA46557DDFD}.Release|x86.Build.0 = Release|x86
		{E78CE24E-3C42-4029-AB75-7AA46557DDFD}.Release|x86.Deploy.0 = Release|x86
		{36C82E4F-8F41-497E-ACF1-53573A043412}.Debug|Any CPU.ActiveCfg = Debug|Any CPU
		{36C82E4F-8F41-497E-ACF1-53573A043412}.Debug|Any CPU.Build.0 = Debug|Any CPU
		{36C82E4F-8F41-497E-ACF1-53573A043412}.Debug|ARM.ActiveCfg = Debug|Any CPU
		{36C82E4F-8F41-497E-ACF1-53573A043412}.Debug|ARM.Build.0 = Debug|Any CPU
		{36C82E4F-8F41-497E-ACF1-53573A043412}.Debug|ARM64.ActiveCfg = Debug|Any CPU
		{36C82E4F-8F41-497E-ACF1-53573A043412}.Debug|ARM64.Build.0 = Debug|Any CPU
		{36C82E4F-8F41-497E-ACF1-53573A043412}.Debug|x64.ActiveCfg = Debug|Any CPU
		{36C82E4F-8F41-497E-ACF1-53573A043412}.Debug|x64.Build.0 = Debug|Any CPU
		{36C82E4F-8F41-497E-ACF1-53573A043412}.Debug|x86.ActiveCfg = Debug|Any CPU
		{36C82E4F-8F41-497E-ACF1-53573A043412}.Debug|x86.Build.0 = Debug|Any CPU
		{36C82E4F-8F41-497E-ACF1-53573A043412}.Release|Any CPU.ActiveCfg = Release|Any CPU
		{36C82E4F-8F41-497E-ACF1-53573A043412}.Release|Any CPU.Build.0 = Release|Any CPU
		{36C82E4F-8F41-497E-ACF1-53573A043412}.Release|ARM.ActiveCfg = Release|Any CPU
		{36C82E4F-8F41-497E-ACF1-53573A043412}.Release|ARM.Build.0 = Release|Any CPU
		{36C82E4F-8F41-497E-ACF1-53573A043412}.Release|ARM64.ActiveCfg = Release|Any CPU
		{36C82E4F-8F41-497E-ACF1-53573A043412}.Release|ARM64.Build.0 = Release|Any CPU
		{36C82E4F-8F41-497E-ACF1-53573A043412}.Release|x64.ActiveCfg = Release|Any CPU
		{36C82E4F-8F41-497E-ACF1-53573A043412}.Release|x64.Build.0 = Release|Any CPU
		{36C82E4F-8F41-497E-ACF1-53573A043412}.Release|x86.ActiveCfg = Release|Any CPU
		{36C82E4F-8F41-497E-ACF1-53573A043412}.Release|x86.Build.0 = Release|Any CPU
	EndGlobalSection
	GlobalSection(SolutionProperties) = preSolution
		HideSolutionNode = FALSE
	EndGlobalSection
	GlobalSection(ExtensibilityGlobals) = postSolution
		SolutionGuid = {F935F5E2-4252-4682-8932-B3288A3DEBF2}
	EndGlobalSection
EndGlobal
